
Microsoft Visual Studio Solution File, Format Version 12.00
# Visual Studio Version 17
VisualStudioVersion = 17.0.31912.275
MinimumVisualStudioVersion = 10.0.40219.1
Project("{FAE04EC0-301F-11D3-BF4B-00C04F79EFBC}") = "GPGPU1", "GPGPU1.csproj", "{B265A650-625D-4F82-BDC3-2272D2BE80F4}"
EndProject
Global
	GlobalSection(SolutionConfigurationPlatforms) = preSolution
		Debug|Any CPU = Debug|Any CPU
		Release|Any CPU = Release|Any CPU
	EndGlobalSection
	GlobalSection(ProjectConfigurationPlatforms) = postSolution
		{B265A650-625D-4F82-BDC3-2272D2BE80F4}.Debug|Any CPU.ActiveCfg = Debug|Any CPU
		{B265A650-625D-4F82-BDC3-2272D2BE80F4}.Debug|Any CPU.Build.0 = Debug|Any CPU
		{B265A650-625D-4F82-BDC3-2272D2BE80F4}.Release|Any CPU.ActiveCfg = Release|Any CPU
		{B265A650-625D-4F82-BDC3-2272D2BE80F4}.Release|Any CPU.Build.0 = Release|Any CPU
	EndGlobalSection
	GlobalSection(SolutionProperties) = preSolution
		HideSolutionNode = FALSE
	EndGlobalSection
	GlobalSection(ExtensibilityGlobals) = postSolution
		SolutionGuid = {EE7EDF15-4150-4582-80B1-2AEA88EFF575}
	EndGlobalSection
EndGlobal
